// !$*UTF8*$!
{
	archiveVersion = 1;
	classes = {
	};
	objectVersion = 55;
	objects = {

/* Begin PBXBuildFile section */
		13127BE027F97EBF00C7E042 /* AppDelegate.swift in Sources */ = {isa = PBXBuildFile; fileRef = 13127BDF27F97EBF00C7E042 /* AppDelegate.swift */; };
		13127BE227F97EBF00C7E042 /* RadioVC.swift in Sources */ = {isa = PBXBuildFile; fileRef = 13127BE127F97EBF00C7E042 /* RadioVC.swift */; };
		13127BE427F97EBF00C7E042 /* Assets.xcassets in Resources */ = {isa = PBXBuildFile; fileRef = 13127BE327F97EBF00C7E042 /* Assets.xcassets */; };
		13127BE727F97EBF00C7E042 /* Main.storyboard in Resources */ = {isa = PBXBuildFile; fileRef = 13127BE527F97EBF00C7E042 /* Main.storyboard */; };
		13127C0A27FC9F0000C7E042 /* RadioCollectionView.swift in Sources */ = {isa = PBXBuildFile; fileRef = 13127C0927FC9F0000C7E042 /* RadioCollectionView.swift */; };
		1396D12B2805A98B00E803D7 /* EditorWindonController.swift in Sources */ = {isa = PBXBuildFile; fileRef = 1396D12A2805A98B00E803D7 /* EditorWindonController.swift */; };
		1396D12D2805A99500E803D7 /* EditorViewController.swift in Sources */ = {isa = PBXBuildFile; fileRef = 1396D12C2805A99500E803D7 /* EditorViewController.swift */; };
		1396D130280699A600E803D7 /* InfoPlist.strings in Resources */ = {isa = PBXBuildFile; fileRef = 1396D132280699A600E803D7 /* InfoPlist.strings */; };
		1396D1372807CE1500E803D7 /* RequestController.swift in Sources */ = {isa = PBXBuildFile; fileRef = 1396D1362807CE1500E803D7 /* RequestController.swift */; };
		13DDF2BC280D839700E8332A /* AppDelegate.swift in Sources */ = {isa = PBXBuildFile; fileRef = 13DDF2BB280D839700E8332A /* AppDelegate.swift */; };
		13DDF2BE280D839700E8332A /* SceneDelegate.swift in Sources */ = {isa = PBXBuildFile; fileRef = 13DDF2BD280D839700E8332A /* SceneDelegate.swift */; };
		13DDF2C0280D839700E8332A /* ViewController.swift in Sources */ = {isa = PBXBuildFile; fileRef = 13DDF2BF280D839700E8332A /* ViewController.swift */; };
		13DDF2C3280D839700E8332A /* Main.storyboard in Resources */ = {isa = PBXBuildFile; fileRef = 13DDF2C1280D839700E8332A /* Main.storyboard */; };
		13DDF2C5280D839800E8332A /* Assets.xcassets in Resources */ = {isa = PBXBuildFile; fileRef = 13DDF2C4280D839800E8332A /* Assets.xcassets */; };
		13DDF2C8280D839800E8332A /* LaunchScreen.storyboard in Resources */ = {isa = PBXBuildFile; fileRef = 13DDF2C6280D839800E8332A /* LaunchScreen.storyboard */; };
		13DDF2CF280D88FB00E8332A /* SnapKit in Frameworks */ = {isa = PBXBuildFile; productRef = 13DDF2CE280D88FB00E8332A /* SnapKit */; };
		13EA1FBB28050F4400C32F5E /* SnapKit in Frameworks */ = {isa = PBXBuildFile; productRef = 13EA1FBA28050F4400C32F5E /* SnapKit */; };
		13EA1FBD2805102000C32F5E /* RadioSource.swift in Sources */ = {isa = PBXBuildFile; fileRef = 13EA1FBC2805102000C32F5E /* RadioSource.swift */; };
/* End PBXBuildFile section */

/* Begin PBXFileReference section */
		13127BDC27F97EBF00C7E042 /* MusicBar.app */ = {isa = PBXFileReference; explicitFileType = wrapper.application; includeInIndex = 0; path = MusicBar.app; sourceTree = BUILT_PRODUCTS_DIR; };
		13127BDF27F97EBF00C7E042 /* AppDelegate.swift */ = {isa = PBXFileReference; lastKnownFileType = sourcecode.swift; path = AppDelegate.swift; sourceTree = "<group>"; };
		13127BE127F97EBF00C7E042 /* RadioVC.swift */ = {isa = PBXFileReference; lastKnownFileType = sourcecode.swift; path = RadioVC.swift; sourceTree = "<group>"; };
		13127BE327F97EBF00C7E042 /* Assets.xcassets */ = {isa = PBXFileReference; lastKnownFileType = folder.assetcatalog; path = Assets.xcassets; sourceTree = "<group>"; };
		13127BE627F97EBF00C7E042 /* Base */ = {isa = PBXFileReference; lastKnownFileType = file.storyboard; name = Base; path = Base.lproj/Main.storyboard; sourceTree = "<group>"; };
		13127BE827F97EBF00C7E042 /* Marshell.entitlements */ = {isa = PBXFileReference; lastKnownFileType = text.plist.entitlements; path = Marshell.entitlements; sourceTree = "<group>"; };
		13127BF127F97F4200C7E042 /* RoadMap.md */ = {isa = PBXFileReference; lastKnownFileType = net.daringfireball.markdown; path = RoadMap.md; sourceTree = "<group>"; };
		13127C0827FC0B6400C7E042 /* Info.plist */ = {isa = PBXFileReference; lastKnownFileType = text.plist.xml; path = Info.plist; sourceTree = "<group>"; };
		13127C0927FC9F0000C7E042 /* RadioCollectionView.swift */ = {isa = PBXFileReference; lastKnownFileType = sourcecode.swift; path = RadioCollectionView.swift; sourceTree = "<group>"; };
		1396D12A2805A98B00E803D7 /* EditorWindonController.swift */ = {isa = PBXFileReference; lastKnownFileType = sourcecode.swift; path = EditorWindonController.swift; sourceTree = "<group>"; };
		1396D12C2805A99500E803D7 /* EditorViewController.swift */ = {isa = PBXFileReference; lastKnownFileType = sourcecode.swift; path = EditorViewController.swift; sourceTree = "<group>"; };
		1396D131280699A600E803D7 /* en */ = {isa = PBXFileReference; lastKnownFileType = text.plist.strings; name = en; path = en.lproj/InfoPlist.strings; sourceTree = "<group>"; };
		1396D1362807CE1500E803D7 /* RequestController.swift */ = {isa = PBXFileReference; fileEncoding = 4; lastKnownFileType = sourcecode.swift; path = RequestController.swift; sourceTree = "<group>"; };
		13DDF2B9280D839700E8332A /* RadioGaga_iOS.app */ = {isa = PBXFileReference; explicitFileType = wrapper.application; includeInIndex = 0; path = RadioGaga_iOS.app; sourceTree = BUILT_PRODUCTS_DIR; };
		13DDF2BB280D839700E8332A /* AppDelegate.swift */ = {isa = PBXFileReference; lastKnownFileType = sourcecode.swift; path = AppDelegate.swift; sourceTree = "<group>"; };
		13DDF2BD280D839700E8332A /* SceneDelegate.swift */ = {isa = PBXFileReference; lastKnownFileType = sourcecode.swift; path = SceneDelegate.swift; sourceTree = "<group>"; };
		13DDF2BF280D839700E8332A /* ViewController.swift */ = {isa = PBXFileReference; lastKnownFileType = sourcecode.swift; path = ViewController.swift; sourceTree = "<group>"; };
		13DDF2C2280D839700E8332A /* Base */ = {isa = PBXFileReference; lastKnownFileType = file.storyboard; name = Base; path = Base.lproj/Main.storyboard; sourceTree = "<group>"; };
		13DDF2C4280D839800E8332A /* Assets.xcassets */ = {isa = PBXFileReference; lastKnownFileType = folder.assetcatalog; path = Assets.xcassets; sourceTree = "<group>"; };
		13DDF2C7280D839800E8332A /* Base */ = {isa = PBXFileReference; lastKnownFileType = file.storyboard; name = Base; path = Base.lproj/LaunchScreen.storyboard; sourceTree = "<group>"; };
		13DDF2C9280D839800E8332A /* Info.plist */ = {isa = PBXFileReference; lastKnownFileType = text.plist.xml; path = Info.plist; sourceTree = "<group>"; };
		13EA1FBC2805102000C32F5E /* RadioSource.swift */ = {isa = PBXFileReference; lastKnownFileType = sourcecode.swift; path = RadioSource.swift; sourceTree = "<group>"; };
/* End PBXFileReference section */

/* Begin PBXFrameworksBuildPhase section */
		13127BD927F97EBF00C7E042 /* Frameworks */ = {
			isa = PBXFrameworksBuildPhase;
			buildActionMask = 2147483647;
			files = (
				13EA1FBB28050F4400C32F5E /* SnapKit in Frameworks */,
			);
			runOnlyForDeploymentPostprocessing = 0;
		};
		13DDF2B6280D839700E8332A /* Frameworks */ = {
			isa = PBXFrameworksBuildPhase;
			buildActionMask = 2147483647;
			files = (
				13DDF2CF280D88FB00E8332A /* SnapKit in Frameworks */,
			);
			runOnlyForDeploymentPostprocessing = 0;
		};
/* End PBXFrameworksBuildPhase section */

/* Begin PBXGroup section */
		13127BD327F97EBF00C7E042 = {
			isa = PBXGroup;
			children = (
				13127BF127F97F4200C7E042 /* RoadMap.md */,
				13127BDE27F97EBF00C7E042 /* Marshell */,
				13DDF2BA280D839700E8332A /* RadioGaga_iOS */,
				13127BDD27F97EBF00C7E042 /* Products */,
				13DDF2CD280D88FB00E8332A /* Frameworks */,
			);
			sourceTree = "<group>";
		};
		13127BDD27F97EBF00C7E042 /* Products */ = {
			isa = PBXGroup;
			children = (
				13127BDC27F97EBF00C7E042 /* MusicBar.app */,
				13DDF2B9280D839700E8332A /* RadioGaga_iOS.app */,
			);
			name = Products;
			sourceTree = "<group>";
		};
		13127BDE27F97EBF00C7E042 /* Marshell */ = {
			isa = PBXGroup;
			children = (
				1396D1382807CE1900E803D7 /* Tool */,
				1396D1352807CDF900E803D7 /* Model */,
				13127BE827F97EBF00C7E042 /* Marshell.entitlements */,
				13127C0527FBFD0400C7E042 /* App */,
				13127C0627FBFD1000C7E042 /* VC */,
				13127C0B27FC9F0B00C7E042 /* Views */,
				13127C0727FBFD1800C7E042 /* Asset */,
				13127C0827FC0B6400C7E042 /* Info.plist */,
			);
			path = Marshell;
			sourceTree = "<group>";
		};
		13127C0527FBFD0400C7E042 /* App */ = {
			isa = PBXGroup;
			children = (
				13127BDF27F97EBF00C7E042 /* AppDelegate.swift */,
			);
			path = App;
			sourceTree = "<group>";
		};
		13127C0627FBFD1000C7E042 /* VC */ = {
			isa = PBXGroup;
			children = (
				13127BE127F97EBF00C7E042 /* RadioVC.swift */,
				1396D12A2805A98B00E803D7 /* EditorWindonController.swift */,
				1396D12C2805A99500E803D7 /* EditorViewController.swift */,
				13127BE527F97EBF00C7E042 /* Main.storyboard */,
			);
			path = VC;
			sourceTree = "<group>";
		};
		13127C0727FBFD1800C7E042 /* Asset */ = {
			isa = PBXGroup;
			children = (
				13127BE327F97EBF00C7E042 /* Assets.xcassets */,
				1396D132280699A600E803D7 /* InfoPlist.strings */,
			);
			path = Asset;
			sourceTree = "<group>";
		};
		13127C0B27FC9F0B00C7E042 /* Views */ = {
			isa = PBXGroup;
			children = (
				13127C0927FC9F0000C7E042 /* RadioCollectionView.swift */,
			);
			path = Views;
			sourceTree = "<group>";
		};
		1396D1352807CDF900E803D7 /* Model */ = {
			isa = PBXGroup;
			children = (
				13EA1FBC2805102000C32F5E /* RadioSource.swift */,
			);
			path = Model;
			sourceTree = "<group>";
		};
		1396D1382807CE1900E803D7 /* Tool */ = {
			isa = PBXGroup;
			children = (
				1396D1362807CE1500E803D7 /* RequestController.swift */,
			);
			path = Tool;
			sourceTree = "<group>";
		};
		13DDF2BA280D839700E8332A /* RadioGaga_iOS */ = {
			isa = PBXGroup;
			children = (
				13DDF2BB280D839700E8332A /* AppDelegate.swift */,
				13DDF2BD280D839700E8332A /* SceneDelegate.swift */,
				13DDF2BF280D839700E8332A /* ViewController.swift */,
				13DDF2C1280D839700E8332A /* Main.storyboard */,
				13DDF2C4280D839800E8332A /* Assets.xcassets */,
				13DDF2C6280D839800E8332A /* LaunchScreen.storyboard */,
				13DDF2C9280D839800E8332A /* Info.plist */,
			);
			path = RadioGaga_iOS;
			sourceTree = "<group>";
		};
		13DDF2CD280D88FB00E8332A /* Frameworks */ = {
			isa = PBXGroup;
			children = (
			);
			name = Frameworks;
			sourceTree = "<group>";
		};
/* End PBXGroup section */

/* Begin PBXNativeTarget section */
		13127BDB27F97EBF00C7E042 /* MusicBar */ = {
			isa = PBXNativeTarget;
			buildConfigurationList = 13127BEB27F97EBF00C7E042 /* Build configuration list for PBXNativeTarget "MusicBar" */;
			buildPhases = (
				13127BD827F97EBF00C7E042 /* Sources */,
				13127BD927F97EBF00C7E042 /* Frameworks */,
				13127BDA27F97EBF00C7E042 /* Resources */,
			);
			buildRules = (
			);
			dependencies = (
			);
			name = MusicBar;
			packageProductDependencies = (
				13EA1FBA28050F4400C32F5E /* SnapKit */,
			);
			productName = Marshell;
			productReference = 13127BDC27F97EBF00C7E042 /* MusicBar.app */;
			productType = "com.apple.product-type.application";
		};
		13DDF2B8280D839700E8332A /* RadioGaga_iOS */ = {
			isa = PBXNativeTarget;
			buildConfigurationList = 13DDF2CC280D839800E8332A /* Build configuration list for PBXNativeTarget "RadioGaga_iOS" */;
			buildPhases = (
				13DDF2B5280D839700E8332A /* Sources */,
				13DDF2B6280D839700E8332A /* Frameworks */,
				13DDF2B7280D839700E8332A /* Resources */,
			);
			buildRules = (
			);
			dependencies = (
			);
			name = RadioGaga_iOS;
			packageProductDependencies = (
				13DDF2CE280D88FB00E8332A /* SnapKit */,
			);
			productName = RadioGaga_iOS;
			productReference = 13DDF2B9280D839700E8332A /* RadioGaga_iOS.app */;
			productType = "com.apple.product-type.application";
		};
/* End PBXNativeTarget section */

/* Begin PBXProject section */
		13127BD427F97EBF00C7E042 /* Project object */ = {
			isa = PBXProject;
			attributes = {
				BuildIndependentTargetsInParallel = 1;
				LastSwiftUpdateCheck = 1330;
				LastUpgradeCheck = 1330;
				TargetAttributes = {
					13127BDB27F97EBF00C7E042 = {
						CreatedOnToolsVersion = 13.2.1;
					};
					13DDF2B8280D839700E8332A = {
						CreatedOnToolsVersion = 13.3.1;
					};
				};
			};
			buildConfigurationList = 13127BD727F97EBF00C7E042 /* Build configuration list for PBXProject "Marshell" */;
			compatibilityVersion = "Xcode 13.0";
			developmentRegion = en;
			hasScannedForEncodings = 0;
			knownRegions = (
				en,
				Base,
			);
			mainGroup = 13127BD327F97EBF00C7E042;
			packageReferences = (
				13EA1FB928050F4400C32F5E /* XCRemoteSwiftPackageReference "SnapKit" */,
			);
			productRefGroup = 13127BDD27F97EBF00C7E042 /* Products */;
			projectDirPath = "";
			projectRoot = "";
			targets = (
				13127BDB27F97EBF00C7E042 /* MusicBar */,
				13DDF2B8280D839700E8332A /* RadioGaga_iOS */,
			);
		};
/* End PBXProject section */

/* Begin PBXResourcesBuildPhase section */
		13127BDA27F97EBF00C7E042 /* Resources */ = {
			isa = PBXResourcesBuildPhase;
			buildActionMask = 2147483647;
			files = (
				13127BE427F97EBF00C7E042 /* Assets.xcassets in Resources */,
				1396D130280699A600E803D7 /* InfoPlist.strings in Resources */,
				13127BE727F97EBF00C7E042 /* Main.storyboard in Resources */,
			);
			runOnlyForDeploymentPostprocessing = 0;
		};
		13DDF2B7280D839700E8332A /* Resources */ = {
			isa = PBXResourcesBuildPhase;
			buildActionMask = 2147483647;
			files = (
				13DDF2C8280D839800E8332A /* LaunchScreen.storyboard in Resources */,
				13DDF2C5280D839800E8332A /* Assets.xcassets in Resources */,
				13DDF2C3280D839700E8332A /* Main.storyboard in Resources */,
			);
			runOnlyForDeploymentPostprocessing = 0;
		};
/* End PBXResourcesBuildPhase section */

/* Begin PBXSourcesBuildPhase section */
		13127BD827F97EBF00C7E042 /* Sources */ = {
			isa = PBXSourcesBuildPhase;
			buildActionMask = 2147483647;
			files = (
				13EA1FBD2805102000C32F5E /* RadioSource.swift in Sources */,
				1396D12D2805A99500E803D7 /* EditorViewController.swift in Sources */,
				13127BE227F97EBF00C7E042 /* RadioVC.swift in Sources */,
				13127BE027F97EBF00C7E042 /* AppDelegate.swift in Sources */,
				1396D1372807CE1500E803D7 /* RequestController.swift in Sources */,
				1396D12B2805A98B00E803D7 /* EditorWindonController.swift in Sources */,
				13127C0A27FC9F0000C7E042 /* RadioCollectionView.swift in Sources */,
			);
			runOnlyForDeploymentPostprocessing = 0;
		};
		13DDF2B5280D839700E8332A /* Sources */ = {
			isa = PBXSourcesBuildPhase;
			buildActionMask = 2147483647;
			files = (
				13DDF2C0280D839700E8332A /* ViewController.swift in Sources */,
				13DDF2BC280D839700E8332A /* AppDelegate.swift in Sources */,
				13DDF2BE280D839700E8332A /* SceneDelegate.swift in Sources */,
			);
			runOnlyForDeploymentPostprocessing = 0;
		};
/* End PBXSourcesBuildPhase section */

/* Begin PBXVariantGroup section */
		13127BE527F97EBF00C7E042 /* Main.storyboard */ = {
			isa = PBXVariantGroup;
			children = (
				13127BE627F97EBF00C7E042 /* Base */,
			);
			name = Main.storyboard;
			sourceTree = "<group>";
		};
		1396D132280699A600E803D7 /* InfoPlist.strings */ = {
			isa = PBXVariantGroup;
			children = (
				1396D131280699A600E803D7 /* en */,
			);
			name = InfoPlist.strings;
			sourceTree = "<group>";
		};
		13DDF2C1280D839700E8332A /* Main.storyboard */ = {
			isa = PBXVariantGroup;
			children = (
				13DDF2C2280D839700E8332A /* Base */,
			);
			name = Main.storyboard;
			sourceTree = "<group>";
		};
		13DDF2C6280D839800E8332A /* LaunchScreen.storyboard */ = {
			isa = PBXVariantGroup;
			children = (
				13DDF2C7280D839800E8332A /* Base */,
			);
			name = LaunchScreen.storyboard;
			sourceTree = "<group>";
		};
/* End PBXVariantGroup section */

/* Begin XCBuildConfiguration section */
		13127BE927F97EBF00C7E042 /* Debug */ = {
			isa = XCBuildConfiguration;
			buildSettings = {
				ALWAYS_SEARCH_USER_PATHS = NO;
				CLANG_ANALYZER_NONNULL = YES;
				CLANG_ANALYZER_NUMBER_OBJECT_CONVERSION = YES_AGGRESSIVE;
				CLANG_CXX_LANGUAGE_STANDARD = "gnu++17";
				CLANG_CXX_LIBRARY = "libc++";
				CLANG_ENABLE_MODULES = YES;
				CLANG_ENABLE_OBJC_ARC = YES;
				CLANG_ENABLE_OBJC_WEAK = YES;
				CLANG_WARN_BLOCK_CAPTURE_AUTORELEASING = YES;
				CLANG_WARN_BOOL_CONVERSION = YES;
				CLANG_WARN_COMMA = YES;
				CLANG_WARN_CONSTANT_CONVERSION = YES;
				CLANG_WARN_DEPRECATED_OBJC_IMPLEMENTATIONS = YES;
				CLANG_WARN_DIRECT_OBJC_ISA_USAGE = YES_ERROR;
				CLANG_WARN_DOCUMENTATION_COMMENTS = YES;
				CLANG_WARN_EMPTY_BODY = YES;
				CLANG_WARN_ENUM_CONVERSION = YES;
				CLANG_WARN_INFINITE_RECURSION = YES;
				CLANG_WARN_INT_CONVERSION = YES;
				CLANG_WARN_NON_LITERAL_NULL_CONVERSION = YES;
				CLANG_WARN_OBJC_IMPLICIT_RETAIN_SELF = YES;
				CLANG_WARN_OBJC_LITERAL_CONVERSION = YES;
				CLANG_WARN_OBJC_ROOT_CLASS = YES_ERROR;
				CLANG_WARN_QUOTED_INCLUDE_IN_FRAMEWORK_HEADER = YES;
				CLANG_WARN_RANGE_LOOP_ANALYSIS = YES;
				CLANG_WARN_STRICT_PROTOTYPES = YES;
				CLANG_WARN_SUSPICIOUS_MOVE = YES;
				CLANG_WARN_UNGUARDED_AVAILABILITY = YES_AGGRESSIVE;
				CLANG_WARN_UNREACHABLE_CODE = YES;
				CLANG_WARN__DUPLICATE_METHOD_MATCH = YES;
				COPY_PHASE_STRIP = NO;
				DEBUG_INFORMATION_FORMAT = dwarf;
				ENABLE_STRICT_OBJC_MSGSEND = YES;
				ENABLE_TESTABILITY = YES;
				GCC_C_LANGUAGE_STANDARD = gnu11;
				GCC_DYNAMIC_NO_PIC = NO;
				GCC_NO_COMMON_BLOCKS = YES;
				GCC_OPTIMIZATION_LEVEL = 0;
				GCC_PREPROCESSOR_DEFINITIONS = (
					"DEBUG=1",
					"$(inherited)",
				);
				GCC_WARN_64_TO_32_BIT_CONVERSION = YES;
				GCC_WARN_ABOUT_RETURN_TYPE = YES_ERROR;
				GCC_WARN_UNDECLARED_SELECTOR = YES;
				GCC_WARN_UNINITIALIZED_AUTOS = YES_AGGRESSIVE;
				GCC_WARN_UNUSED_FUNCTION = YES;
				GCC_WARN_UNUSED_VARIABLE = YES;
				MACOSX_DEPLOYMENT_TARGET = 11.0;
				MTL_ENABLE_DEBUG_INFO = INCLUDE_SOURCE;
				MTL_FAST_MATH = YES;
				ONLY_ACTIVE_ARCH = YES;
				SDKROOT = macosx;
				SWIFT_ACTIVE_COMPILATION_CONDITIONS = DEBUG;
				SWIFT_OPTIMIZATION_LEVEL = "-Onone";
			};
			name = Debug;
		};
		13127BEA27F97EBF00C7E042 /* Release */ = {
			isa = XCBuildConfiguration;
			buildSettings = {
				ALWAYS_SEARCH_USER_PATHS = NO;
				CLANG_ANALYZER_NONNULL = YES;
				CLANG_ANALYZER_NUMBER_OBJECT_CONVERSION = YES_AGGRESSIVE;
				CLANG_CXX_LANGUAGE_STANDARD = "gnu++17";
				CLANG_CXX_LIBRARY = "libc++";
				CLANG_ENABLE_MODULES = YES;
				CLANG_ENABLE_OBJC_ARC = YES;
				CLANG_ENABLE_OBJC_WEAK = YES;
				CLANG_WARN_BLOCK_CAPTURE_AUTORELEASING = YES;
				CLANG_WARN_BOOL_CONVERSION = YES;
				CLANG_WARN_COMMA = YES;
				CLANG_WARN_CONSTANT_CONVERSION = YES;
				CLANG_WARN_DEPRECATED_OBJC_IMPLEMENTATIONS = YES;
				CLANG_WARN_DIRECT_OBJC_ISA_USAGE = YES_ERROR;
				CLANG_WARN_DOCUMENTATION_COMMENTS = YES;
				CLANG_WARN_EMPTY_BODY = YES;
				CLANG_WARN_ENUM_CONVERSION = YES;
				CLANG_WARN_INFINITE_RECURSION = YES;
				CLANG_WARN_INT_CONVERSION = YES;
				CLANG_WARN_NON_LITERAL_NULL_CONVERSION = YES;
				CLANG_WARN_OBJC_IMPLICIT_RETAIN_SELF = YES;
				CLANG_WARN_OBJC_LITERAL_CONVERSION = YES;
				CLANG_WARN_OBJC_ROOT_CLASS = YES_ERROR;
				CLANG_WARN_QUOTED_INCLUDE_IN_FRAMEWORK_HEADER = YES;
				CLANG_WARN_RANGE_LOOP_ANALYSIS = YES;
				CLANG_WARN_STRICT_PROTOTYPES = YES;
				CLANG_WARN_SUSPICIOUS_MOVE = YES;
				CLANG_WARN_UNGUARDED_AVAILABILITY = YES_AGGRESSIVE;
				CLANG_WARN_UNREACHABLE_CODE = YES;
				CLANG_WARN__DUPLICATE_METHOD_MATCH = YES;
				COPY_PHASE_STRIP = NO;
				DEBUG_INFORMATION_FORMAT = "dwarf-with-dsym";
				ENABLE_NS_ASSERTIONS = NO;
				ENABLE_STRICT_OBJC_MSGSEND = YES;
				GCC_C_LANGUAGE_STANDARD = gnu11;
				GCC_NO_COMMON_BLOCKS = YES;
				GCC_WARN_64_TO_32_BIT_CONVERSION = YES;
				GCC_WARN_ABOUT_RETURN_TYPE = YES_ERROR;
				GCC_WARN_UNDECLARED_SELECTOR = YES;
				GCC_WARN_UNINITIALIZED_AUTOS = YES_AGGRESSIVE;
				GCC_WARN_UNUSED_FUNCTION = YES;
				GCC_WARN_UNUSED_VARIABLE = YES;
				MACOSX_DEPLOYMENT_TARGET = 11.0;
				MTL_ENABLE_DEBUG_INFO = NO;
				MTL_FAST_MATH = YES;
				SDKROOT = macosx;
				SWIFT_COMPILATION_MODE = wholemodule;
				SWIFT_OPTIMIZATION_LEVEL = "-O";
			};
			name = Release;
		};
		13127BEC27F97EBF00C7E042 /* Debug */ = {
			isa = XCBuildConfiguration;
			buildSettings = {
				ASSETCATALOG_COMPILER_APPICON_NAME = AppIcon;
				ASSETCATALOG_COMPILER_GLOBAL_ACCENT_COLOR_NAME = AccentColor;
				CODE_SIGN_ENTITLEMENTS = Marshell/Marshell.entitlements;
				CODE_SIGN_IDENTITY = "-";
				"CODE_SIGN_IDENTITY[sdk=macosx*]" = "-";
				CODE_SIGN_STYLE = Automatic;
				COMBINE_HIDPI_IMAGES = YES;
				CURRENT_PROJECT_VERSION = 15;
				DEVELOPMENT_TEAM = K2D6DE8NGJ;
				ENABLE_HARDENED_RUNTIME = YES;
				GENERATE_INFOPLIST_FILE = YES;
				INFOPLIST_FILE = Marshell/Info.plist;
				INFOPLIST_KEY_CFBundleDisplayName = "$(PRODUCT_NAME)";
				INFOPLIST_KEY_LSApplicationCategoryType = "public.app-category.music";
				INFOPLIST_KEY_LSUIElement = YES;
				INFOPLIST_KEY_NSHumanReadableCopyright = "";
				INFOPLIST_KEY_NSMainStoryboardFile = Main;
				INFOPLIST_KEY_NSPrincipalClass = NSApplication;
				LD_RUNPATH_SEARCH_PATHS = (
					"$(inherited)",
					"@executable_path/../Frameworks",
				);
				MACOSX_DEPLOYMENT_TARGET = 11.0;
				MARKETING_VERSION = 1.0.4;
				PRODUCT_BUNDLE_IDENTIFIER = com.edmundsoftware.Marshell.test;
				PRODUCT_NAME = "$(TARGET_NAME)";
				SWIFT_EMIT_LOC_STRINGS = YES;
				SWIFT_VERSION = 5.0;
			};
			name = Debug;
		};
		13127BED27F97EBF00C7E042 /* Release */ = {
			isa = XCBuildConfiguration;
			buildSettings = {
				ASSETCATALOG_COMPILER_APPICON_NAME = AppIcon;
				ASSETCATALOG_COMPILER_GLOBAL_ACCENT_COLOR_NAME = AccentColor;
				CODE_SIGN_ENTITLEMENTS = Marshell/Marshell.entitlements;
				CODE_SIGN_IDENTITY = "-";
				"CODE_SIGN_IDENTITY[sdk=macosx*]" = "Apple Development";
				CODE_SIGN_STYLE = Automatic;
				COMBINE_HIDPI_IMAGES = YES;
				CURRENT_PROJECT_VERSION = 15;
				DEVELOPMENT_TEAM = K2D6DE8NGJ;
				ENABLE_HARDENED_RUNTIME = YES;
				GENERATE_INFOPLIST_FILE = YES;
				INFOPLIST_FILE = Marshell/Info.plist;
				INFOPLIST_KEY_CFBundleDisplayName = "$(PRODUCT_NAME)";
				INFOPLIST_KEY_LSApplicationCategoryType = "public.app-category.music";
				INFOPLIST_KEY_LSUIElement = YES;
				INFOPLIST_KEY_NSHumanReadableCopyright = "";
				INFOPLIST_KEY_NSMainStoryboardFile = Main;
				INFOPLIST_KEY_NSPrincipalClass = NSApplication;
				LD_RUNPATH_SEARCH_PATHS = (
					"$(inherited)",
					"@executable_path/../Frameworks",
				);
				MACOSX_DEPLOYMENT_TARGET = 11.0;
				MARKETING_VERSION = 1.0.4;
				PRODUCT_BUNDLE_IDENTIFIER = com.edmundsoftware.Marshell;
				PRODUCT_NAME = "$(TARGET_NAME)";
				SWIFT_EMIT_LOC_STRINGS = YES;
				SWIFT_VERSION = 5.0;
			};
			name = Release;
		};
		13DDF2CA280D839800E8332A /* Debug */ = {
			isa = XCBuildConfiguration;
			buildSettings = {
				ASSETCATALOG_COMPILER_APPICON_NAME = AppIcon;
				ASSETCATALOG_COMPILER_GLOBAL_ACCENT_COLOR_NAME = AccentColor;
				CODE_SIGN_STYLE = Automatic;
				CURRENT_PROJECT_VERSION = 1;
				DEVELOPMENT_TEAM = K2D6DE8NGJ;
				GENERATE_INFOPLIST_FILE = YES;
				INFOPLIST_FILE = RadioGaga_iOS/Info.plist;
				INFOPLIST_KEY_CFBundleDisplayName = RadioGaga;
				INFOPLIST_KEY_NSAppleMusicUsageDescription = "  ";
				INFOPLIST_KEY_UIApplicationSupportsIndirectInputEvents = YES;
				INFOPLIST_KEY_UILaunchStoryboardName = LaunchScreen;
				INFOPLIST_KEY_UIMainStoryboardFile = Main;
				INFOPLIST_KEY_UISupportedInterfaceOrientations = UIInterfaceOrientationLandscapeRight;
				INFOPLIST_KEY_UISupportedInterfaceOrientations_iPad = "UIInterfaceOrientationPortrait UIInterfaceOrientationPortraitUpsideDown UIInterfaceOrientationLandscapeLeft UIInterfaceOrientationLandscapeRight";
				INFOPLIST_KEY_UISupportedInterfaceOrientations_iPhone = "UIInterfaceOrientationPortrait UIInterfaceOrientationLandscapeLeft UIInterfaceOrientationLandscapeRight";
				IPHONEOS_DEPLOYMENT_TARGET = 15.0;
				LD_RUNPATH_SEARCH_PATHS = (
					"$(inherited)",
					"@executable_path/Frameworks",
				);
				MARKETING_VERSION = 1.0;
				PRODUCT_BUNDLE_IDENTIFIER = com.edmundsoftware.Marshell;
				PRODUCT_NAME = "$(TARGET_NAME)";
				SDKROOT = iphoneos;
				SWIFT_EMIT_LOC_STRINGS = YES;
				SWIFT_VERSION = 5.0;
				TARGETED_DEVICE_FAMILY = "1,2";
			};
			name = Debug;
		};
		13DDF2CB280D839800E8332A /* Release */ = {
			isa = XCBuildConfiguration;
			buildSettings = {
				ASSETCATALOG_COMPILER_APPICON_NAME = AppIcon;
				ASSETCATALOG_COMPILER_GLOBAL_ACCENT_COLOR_NAME = AccentColor;
				CODE_SIGN_STYLE = Automatic;
				CURRENT_PROJECT_VERSION = 1;
				DEVELOPMENT_TEAM = K2D6DE8NGJ;
				GENERATE_INFOPLIST_FILE = YES;
				INFOPLIST_FILE = RadioGaga_iOS/Info.plist;
				INFOPLIST_KEY_CFBundleDisplayName = RadioGaga;
				INFOPLIST_KEY_NSAppleMusicUsageDescription = "  ";
				INFOPLIST_KEY_UIApplicationSupportsIndirectInputEvents = YES;
				INFOPLIST_KEY_UILaunchStoryboardName = LaunchScreen;
				INFOPLIST_KEY_UIMainStoryboardFile = Main;
				INFOPLIST_KEY_UISupportedInterfaceOrientations = UIInterfaceOrientationLandscapeRight;
				INFOPLIST_KEY_UISupportedInterfaceOrientations_iPad = "UIInterfaceOrientationPortrait UIInterfaceOrientationPortraitUpsideDown UIInterfaceOrientationLandscapeLeft UIInterfaceOrientationLandscapeRight";
				INFOPLIST_KEY_UISupportedInterfaceOrientations_iPhone = "UIInterfaceOrientationPortrait UIInterfaceOrientationLandscapeLeft UIInterfaceOrientationLandscapeRight";
				IPHONEOS_DEPLOYMENT_TARGET = 15.0;
				LD_RUNPATH_SEARCH_PATHS = (
					"$(inherited)",
					"@executable_path/Frameworks",
				);
				MARKETING_VERSION = 1.0;
				PRODUCT_BUNDLE_IDENTIFIER = com.edmundsoftware.Marshell;
				PRODUCT_NAME = "$(TARGET_NAME)";
				SDKROOT = iphoneos;
				SWIFT_EMIT_LOC_STRINGS = YES;
				SWIFT_VERSION = 5.0;
				TARGETED_DEVICE_FAMILY = "1,2";
				VALIDATE_PRODUCT = YES;
			};
			name = Release;
		};
/* End XCBuildConfiguration section */

/* Begin XCConfigurationList section */
		13127BD727F97EBF00C7E042 /* Build configuration list for PBXProject "Marshell" */ = {
			isa = XCConfigurationList;
			buildConfigurations = (
				13127BE927F97EBF00C7E042 /* Debug */,
				13127BEA27F97EBF00C7E042 /* Release */,
			);
			defaultConfigurationIsVisible = 0;
			defaultConfigurationName = Release;
		};
		13127BEB27F97EBF00C7E042 /* Build configuration list for PBXNativeTarget "MusicBar" */ = {
			isa = XCConfigurationList;
			buildConfigurations = (
				13127BEC27F97EBF00C7E042 /* Debug */,
				13127BED27F97EBF00C7E042 /* Release */,
			);
			defaultConfigurationIsVisible = 0;
			defaultConfigurationName = Release;
		};
		13DDF2CC280D839800E8332A /* Build configuration list for PBXNativeTarget "RadioGaga_iOS" */ = {
			isa = XCConfigurationList;
			buildConfigurations = (
				13DDF2CA280D839800E8332A /* Debug */,
				13DDF2CB280D839800E8332A /* Release */,
			);
			defaultConfigurationIsVisible = 0;
			defaultConfigurationName = Release;
		};
/* End XCConfigurationList section */

/* Begin XCRemoteSwiftPackageReference section */
		13EA1FB928050F4400C32F5E /* XCRemoteSwiftPackageReference "SnapKit" */ = {
			isa = XCRemoteSwiftPackageReference;
			repositoryURL = "https://github.com/SnapKit/SnapKit.git";
			requirement = {
				kind = upToNextMajorVersion;
				minimumVersion = 5.0.0;
			};
		};
/* End XCRemoteSwiftPackageReference section */

/* Begin XCSwiftPackageProductDependency section */
		13DDF2CE280D88FB00E8332A /* SnapKit */ = {
			isa = XCSwiftPackageProductDependency;
			package = 13EA1FB928050F4400C32F5E /* XCRemoteSwiftPackageReference "SnapKit" */;
			productName = SnapKit;
		};
		13EA1FBA28050F4400C32F5E /* SnapKit */ = {
			isa = XCSwiftPackageProductDependency;
			package = 13EA1FB928050F4400C32F5E /* XCRemoteSwiftPackageReference "SnapKit" */;
			productName = SnapKit;
		};
/* End XCSwiftPackageProductDependency section */
	};
	rootObject = 13127BD427F97EBF00C7E042 /* Project object */;
}
